
Microsoft Visual Studio Solution File, Format Version 12.00
# Visual Studio Version 17
VisualStudioVersion = 17.7.34221.43
MinimumVisualStudioVersion = 10.0.40219.1
Project("{FAE04EC0-301F-11D3-BF4B-00C04F79EFBC}") = "Lab_4_Creating_Book_Class", "Lab_4_Creating_Book_Class.csproj", "{6053C15C-A452-43B9-B720-042129969DEE}"
EndProject
Global
	GlobalSection(SolutionConfigurationPlatforms) = preSolution
		Debug|Any CPU = Debug|Any CPU
		Release|Any CPU = Release|Any CPU
	EndGlobalSection
	GlobalSection(ProjectConfigurationPlatforms) = postSolution
		{6053C15C-A452-43B9-B720-042129969DEE}.Debug|Any CPU.ActiveCfg = Debug|Any CPU
		{6053C15C-A452-43B9-B720-042129969DEE}.Debug|Any CPU.Build.0 = Debug|Any CPU
		{6053C15C-A452-43B9-B720-042129969DEE}.Release|Any CPU.ActiveCfg = Release|Any CPU
		{6053C15C-A452-43B9-B720-042129969DEE}.Release|Any CPU.Build.0 = Release|Any CPU
	EndGlobalSection
	GlobalSection(SolutionProperties) = preSolution
		HideSolutionNode = FALSE
	EndGlobalSection
	GlobalSection(ExtensibilityGlobals) = postSolution
		SolutionGuid = {EED03D37-FD61-491D-A418-109DFEFE68A5}
	EndGlobalSection
EndGlobal
