
Microsoft Visual Studio Solution File, Format Version 12.00
# Visual Studio Version 17
VisualStudioVersion = 17.7.34031.279
MinimumVisualStudioVersion = 10.0.40219.1
Project("{FAE04EC0-301F-11D3-BF4B-00C04F79EFBC}") = "Lab_3_fall", "Lab_3_fall.csproj", "{CE3DB664-D29F-4A0D-80F1-86B862BF3045}"
EndProject
Global
	GlobalSection(SolutionConfigurationPlatforms) = preSolution
		Debug|Any CPU = Debug|Any CPU
		Release|Any CPU = Release|Any CPU
	EndGlobalSection
	GlobalSection(ProjectConfigurationPlatforms) = postSolution
		{CE3DB664-D29F-4A0D-80F1-86B862BF3045}.Debug|Any CPU.ActiveCfg = Debug|Any CPU
		{CE3DB664-D29F-4A0D-80F1-86B862BF3045}.Debug|Any CPU.Build.0 = Debug|Any CPU
		{CE3DB664-D29F-4A0D-80F1-86B862BF3045}.Release|Any CPU.ActiveCfg = Release|Any CPU
		{CE3DB664-D29F-4A0D-80F1-86B862BF3045}.Release|Any CPU.Build.0 = Release|Any CPU
	EndGlobalSection
	GlobalSection(SolutionProperties) = preSolution
		HideSolutionNode = FALSE
	EndGlobalSection
	GlobalSection(ExtensibilityGlobals) = postSolution
		SolutionGuid = {CCA4D4F3-9BD4-4E9E-8FB5-5EE58230B7A7}
	EndGlobalSection
EndGlobal
